
Microsoft Visual Studio Solution File, Format Version 12.00
# Visual Studio Version 17
VisualStudioVersion = 17.3.32804.467
MinimumVisualStudioVersion = 10.0.40219.1
Project("{9A19103F-16F7-4668-BE54-9A1E7A4F7556}") = "Study_Plan_DataStructure_LeetCode", "Study_Plan_DataStructure_LeetCode\Study_Plan_DataStructure_LeetCode.csproj", "{17F043AB-79F1-449A-97F3-D7391EBC7510}"
EndProject
Project("{9A19103F-16F7-4668-BE54-9A1E7A4F7556}") = "Contains Duplicate", "Contains Duplicate\Contains Duplicate.csproj", "{EA0D8B3D-FA8F-4C66-9B04-CAB85C4A4CC4}"
EndProject
Project("{9A19103F-16F7-4668-BE54-9A1E7A4F7556}") = "Maximum Subarray", "Maximum Subarray\Maximum Subarray.csproj", "{73BDF5ED-4A74-46DF-92E3-45BA7FAFA474}"
EndProject
Project("{9A19103F-16F7-4668-BE54-9A1E7A4F7556}") = "Two Sum", "Two Sum\Two Sum.csproj", "{B4AD9AB0-AB15-40BD-BA17-84916160FAFA}"
EndProject
Project("{9A19103F-16F7-4668-BE54-9A1E7A4F7556}") = "Merge Sorted Array", "Merge Sorted Array\Merge Sorted Array.csproj", "{E21CC6C4-312D-49AD-A4F0-A94087EBCB14}"
EndProject
Project("{9A19103F-16F7-4668-BE54-9A1E7A4F7556}") = "Intersection of Two Arrays II", "Intersection of Two Arrays II\Intersection of Two Arrays II.csproj", "{674783B5-58D9-4CBF-8C4B-35D5FABE100E}"
EndProject
Project("{9A19103F-16F7-4668-BE54-9A1E7A4F7556}") = "Best Time to Buy and Sell Stock", "Best Time to Buy and Sell Stock\Best Time to Buy and Sell Stock.csproj", "{9D44A451-D317-4047-9EFD-7C34588EF7CB}"
EndProject
Project("{9A19103F-16F7-4668-BE54-9A1E7A4F7556}") = "Pascal's Triangle", "Pascal's Triangle\Pascal's Triangle.csproj", "{1E5BB312-C18A-4FBA-BD42-BA3DD1E7FE38}"
EndProject
Project("{9A19103F-16F7-4668-BE54-9A1E7A4F7556}") = "Reshape the Matrix", "Reshape the Matrix\Reshape the Matrix.csproj", "{8BF32BDE-D412-459A-9396-00AE564F021A}"
EndProject
Project("{9A19103F-16F7-4668-BE54-9A1E7A4F7556}") = "First Unique Character in a String", "First Unique Character in a String\First Unique Character in a String.csproj", "{B8D96D38-BB84-446C-8918-CAA62366F43D}"
EndProject
Project("{9A19103F-16F7-4668-BE54-9A1E7A4F7556}") = "Ransom Note", "Ransom Note\Ransom Note.csproj", "{8F0DB44C-A42A-47CA-894A-84D454F49D2F}"
EndProject
Project("{9A19103F-16F7-4668-BE54-9A1E7A4F7556}") = "getMaxFreqDeviation", "PerfectSizeRice_Amazon\getMaxFreqDeviation.csproj", "{693D71B4-76DD-44B7-8BF1-53E72E9646AC}"
EndProject
Global
	GlobalSection(SolutionConfigurationPlatforms) = preSolution
		Debug|Any CPU = Debug|Any CPU
		Release|Any CPU = Release|Any CPU
	EndGlobalSection
	GlobalSection(ProjectConfigurationPlatforms) = postSolution
		{17F043AB-79F1-449A-97F3-D7391EBC7510}.Debug|Any CPU.ActiveCfg = Debug|Any CPU
		{17F043AB-79F1-449A-97F3-D7391EBC7510}.Debug|Any CPU.Build.0 = Debug|Any CPU
		{17F043AB-79F1-449A-97F3-D7391EBC7510}.Release|Any CPU.ActiveCfg = Release|Any CPU
		{17F043AB-79F1-449A-97F3-D7391EBC7510}.Release|Any CPU.Build.0 = Release|Any CPU
		{EA0D8B3D-FA8F-4C66-9B04-CAB85C4A4CC4}.Debug|Any CPU.ActiveCfg = Debug|Any CPU
		{EA0D8B3D-FA8F-4C66-9B04-CAB85C4A4CC4}.Debug|Any CPU.Build.0 = Debug|Any CPU
		{EA0D8B3D-FA8F-4C66-9B04-CAB85C4A4CC4}.Release|Any CPU.ActiveCfg = Release|Any CPU
		{EA0D8B3D-FA8F-4C66-9B04-CAB85C4A4CC4}.Release|Any CPU.Build.0 = Release|Any CPU
		{73BDF5ED-4A74-46DF-92E3-45BA7FAFA474}.Debug|Any CPU.ActiveCfg = Debug|Any CPU
		{73BDF5ED-4A74-46DF-92E3-45BA7FAFA474}.Debug|Any CPU.Build.0 = Debug|Any CPU
		{73BDF5ED-4A74-46DF-92E3-45BA7FAFA474}.Release|Any CPU.ActiveCfg = Release|Any CPU
		{73BDF5ED-4A74-46DF-92E3-45BA7FAFA474}.Release|Any CPU.Build.0 = Release|Any CPU
		{B4AD9AB0-AB15-40BD-BA17-84916160FAFA}.Debug|Any CPU.ActiveCfg = Debug|Any CPU
		{B4AD9AB0-AB15-40BD-BA17-84916160FAFA}.Debug|Any CPU.Build.0 = Debug|Any CPU
		{B4AD9AB0-AB15-40BD-BA17-84916160FAFA}.Release|Any CPU.ActiveCfg = Release|Any CPU
		{B4AD9AB0-AB15-40BD-BA17-84916160FAFA}.Release|Any CPU.Build.0 = Release|Any CPU
		{E21CC6C4-312D-49AD-A4F0-A94087EBCB14}.Debug|Any CPU.ActiveCfg = Debug|Any CPU
		{E21CC6C4-312D-49AD-A4F0-A94087EBCB14}.Debug|Any CPU.Build.0 = Debug|Any CPU
		{E21CC6C4-312D-49AD-A4F0-A94087EBCB14}.Release|Any CPU.ActiveCfg = Release|Any CPU
		{E21CC6C4-312D-49AD-A4F0-A94087EBCB14}.Release|Any CPU.Build.0 = Release|Any CPU
		{674783B5-58D9-4CBF-8C4B-35D5FABE100E}.Debug|Any CPU.ActiveCfg = Debug|Any CPU
		{674783B5-58D9-4CBF-8C4B-35D5FABE100E}.Debug|Any CPU.Build.0 = Debug|Any CPU
		{674783B5-58D9-4CBF-8C4B-35D5FABE100E}.Release|Any CPU.ActiveCfg = Release|Any CPU
		{674783B5-58D9-4CBF-8C4B-35D5FABE100E}.Release|Any CPU.Build.0 = Release|Any CPU
		{9D44A451-D317-4047-9EFD-7C34588EF7CB}.Debug|Any CPU.ActiveCfg = Debug|Any CPU
		{9D44A451-D317-4047-9EFD-7C34588EF7CB}.Debug|Any CPU.Build.0 = Debug|Any CPU
		{9D44A451-D317-4047-9EFD-7C34588EF7CB}.Release|Any CPU.ActiveCfg = Release|Any CPU
		{9D44A451-D317-4047-9EFD-7C34588EF7CB}.Release|Any CPU.Build.0 = Release|Any CPU
		{1E5BB312-C18A-4FBA-BD42-BA3DD1E7FE38}.Debug|Any CPU.ActiveCfg = Debug|Any CPU
		{1E5BB312-C18A-4FBA-BD42-BA3DD1E7FE38}.Debug|Any CPU.Build.0 = Debug|Any CPU
		{1E5BB312-C18A-4FBA-BD42-BA3DD1E7FE38}.Release|Any CPU.ActiveCfg = Release|Any CPU
		{1E5BB312-C18A-4FBA-BD42-BA3DD1E7FE38}.Release|Any CPU.Build.0 = Release|Any CPU
		{8BF32BDE-D412-459A-9396-00AE564F021A}.Debug|Any CPU.ActiveCfg = Debug|Any CPU
		{8BF32BDE-D412-459A-9396-00AE564F021A}.Debug|Any CPU.Build.0 = Debug|Any CPU
		{8BF32BDE-D412-459A-9396-00AE564F021A}.Release|Any CPU.ActiveCfg = Release|Any CPU
		{8BF32BDE-D412-459A-9396-00AE564F021A}.Release|Any CPU.Build.0 = Release|Any CPU
		{B8D96D38-BB84-446C-8918-CAA62366F43D}.Debug|Any CPU.ActiveCfg = Debug|Any CPU
		{B8D96D38-BB84-446C-8918-CAA62366F43D}.Debug|Any CPU.Build.0 = Debug|Any CPU
		{B8D96D38-BB84-446C-8918-CAA62366F43D}.Release|Any CPU.ActiveCfg = Release|Any CPU
		{B8D96D38-BB84-446C-8918-CAA62366F43D}.Release|Any CPU.Build.0 = Release|Any CPU
		{8F0DB44C-A42A-47CA-894A-84D454F49D2F}.Debug|Any CPU.ActiveCfg = Debug|Any CPU
		{8F0DB44C-A42A-47CA-894A-84D454F49D2F}.Debug|Any CPU.Build.0 = Debug|Any CPU
		{8F0DB44C-A42A-47CA-894A-84D454F49D2F}.Release|Any CPU.ActiveCfg = Release|Any CPU
		{8F0DB44C-A42A-47CA-894A-84D454F49D2F}.Release|Any CPU.Build.0 = Release|Any CPU
		{693D71B4-76DD-44B7-8BF1-53E72E9646AC}.Debug|Any CPU.ActiveCfg = Debug|Any CPU
		{693D71B4-76DD-44B7-8BF1-53E72E9646AC}.Debug|Any CPU.Build.0 = Debug|Any CPU
		{693D71B4-76DD-44B7-8BF1-53E72E9646AC}.Release|Any CPU.ActiveCfg = Release|Any CPU
		{693D71B4-76DD-44B7-8BF1-53E72E9646AC}.Release|Any CPU.Build.0 = Release|Any CPU
	EndGlobalSection
	GlobalSection(SolutionProperties) = preSolution
		HideSolutionNode = FALSE
	EndGlobalSection
	GlobalSection(ExtensibilityGlobals) = postSolution
		SolutionGuid = {98D57259-09B0-4696-8683-AC733A00B861}
	EndGlobalSection
EndGlobal
