
Microsoft Visual Studio Solution File, Format Version 12.00
# Visual Studio Version 17
VisualStudioVersion = 17.3.32804.467
MinimumVisualStudioVersion = 10.0.40219.1
Project("{9A19103F-16F7-4668-BE54-9A1E7A4F7556}") = "Study_Plan_DataStructure_LeetCode", "Study_Plan_DataStructure_LeetCode\Study_Plan_DataStructure_LeetCode.csproj", "{17F043AB-79F1-449A-97F3-D7391EBC7510}"
EndProject
Project("{9A19103F-16F7-4668-BE54-9A1E7A4F7556}") = "Contains Duplicate", "Contains Duplicate\Contains Duplicate.csproj", "{EA0D8B3D-FA8F-4C66-9B04-CAB85C4A4CC4}"
EndProject
Project("{9A19103F-16F7-4668-BE54-9A1E7A4F7556}") = "Maximum Subarray", "Maximum Subarray\Maximum Subarray.csproj", "{73BDF5ED-4A74-46DF-92E3-45BA7FAFA474}"
EndProject
Project("{9A19103F-16F7-4668-BE54-9A1E7A4F7556}") = "Two Sum", "Two Sum\Two Sum.csproj", "{B4AD9AB0-AB15-40BD-BA17-84916160FAFA}"
EndProject
Project("{9A19103F-16F7-4668-BE54-9A1E7A4F7556}") = "Merge Sorted Array", "Merge Sorted Array\Merge Sorted Array.csproj", "{E21CC6C4-312D-49AD-A4F0-A94087EBCB14}"
EndProject
Project("{9A19103F-16F7-4668-BE54-9A1E7A4F7556}") = "Intersection of Two Arrays II", "Intersection of Two Arrays II\Intersection of Two Arrays II.csproj", "{674783B5-58D9-4CBF-8C4B-35D5FABE100E}"
EndProject
Project("{9A19103F-16F7-4668-BE54-9A1E7A4F7556}") = "Best Time to Buy and Sell Stock", "Best Time to Buy and Sell Stock\Best Time to Buy and Sell Stock.csproj", "{9D44A451-D317-4047-9EFD-7C34588EF7CB}"
EndProject
Project("{9A19103F-16F7-4668-BE54-9A1E7A4F7556}") = "Pascal's Triangle", "Pascal's Triangle\Pascal's Triangle.csproj", "{1E5BB312-C18A-4FBA-BD42-BA3DD1E7FE38}"
EndProject
Project("{9A19103F-16F7-4668-BE54-9A1E7A4F7556}") = "Reshape the Matrix", "Reshape the Matrix\Reshape the Matrix.csproj", "{8BF32BDE-D412-459A-9396-00AE564F021A}"
EndProject
Project("{9A19103F-16F7-4668-BE54-9A1E7A4F7556}") = "First Unique Character in a String", "First Unique Character in a String\First Unique Character in a String.csproj", "{B8D96D38-BB84-446C-8918-CAA62366F43D}"
EndProject
Project("{9A19103F-16F7-4668-BE54-9A1E7A4F7556}") = "Ransom Note", "Ransom Note\Ransom Note.csproj", "{8F0DB44C-A42A-47CA-894A-84D454F49D2F}"
EndProject
Project("{9A19103F-16F7-4668-BE54-9A1E7A4F7556}") = "getMaxFreqDeviation_Amazon", "PerfectSizeRice_Amazon\getMaxFreqDeviation_Amazon.csproj", "{693D71B4-76DD-44B7-8BF1-53E72E9646AC}"
EndProject
Project("{9A19103F-16F7-4668-BE54-9A1E7A4F7556}") = "Valid Anagram", "Valid Anagram\Valid Anagram.csproj", "{3FC6C48D-B341-4D72-AD7A-9C5301DAAC23}"
EndProject
Project("{9A19103F-16F7-4668-BE54-9A1E7A4F7556}") = "Happy Number", "Happy Number\Happy Number.csproj", "{4979B669-4264-4EA9-8387-46E91EBD7703}"
EndProject
Project("{9A19103F-16F7-4668-BE54-9A1E7A4F7556}") = "Reverse Linked List", "Reverse Linked List\Reverse Linked List.csproj", "{611C9E7D-83AD-4C6F-B149-9EFCECB37FB4}"
EndProject
Project("{9A19103F-16F7-4668-BE54-9A1E7A4F7556}") = "Bitwice_Numbers", "Bitwice_Numbers\Bitwice_Numbers.csproj", "{F73AA092-4CE7-4278-BB1F-17D307EE7FAB}"
EndProject
Project("{9A19103F-16F7-4668-BE54-9A1E7A4F7556}") = "Find First and Last Position of Element in Sorted Array", "Find First and Last Position of Element in Sorted Array\Find First and Last Position of Element in Sorted Array.csproj", "{553C6DEF-89C5-4DAF-B2B8-EF360244542D}"
EndProject
Project("{2150E333-8FDC-42A3-9474-1A3956D46DE8}") = "Solution Items", "Solution Items", "{8DE91001-1185-4F34-8927-1ACEB064F483}"
EndProject
Project("{9A19103F-16F7-4668-BE54-9A1E7A4F7556}") = "AddStrings", "AddStrings\AddStrings.csproj", "{F3F6C393-40EB-4363-B4FD-502B7AED824D}"
EndProject
Project("{9A19103F-16F7-4668-BE54-9A1E7A4F7556}") = "Implement Queue using Stacks", "Implement Queue using Stacks\Implement Queue using Stacks.csproj", "{3CA1AB6E-29CD-4331-B513-B42A393214FB}"
EndProject
Project("{9A19103F-16F7-4668-BE54-9A1E7A4F7556}") = "ProblemTest_micro_prague", "ProblemTest_micro_prague\ProblemTest_micro_prague.csproj", "{09013824-5F60-4FF0-9ED4-AC13AB10BB39}"
EndProject
Project("{9A19103F-16F7-4668-BE54-9A1E7A4F7556}") = "Find_Disappeared_Numbers", "Find_Disappeared_Numbers\Find_Disappeared_Numbers.csproj", "{2F7862D8-047E-4988-B179-A06B23C89228}"
EndProject
Project("{9A19103F-16F7-4668-BE54-9A1E7A4F7556}") = "To Lower Case", "To Lower Case\To Lower Case.csproj", "{349C21A0-C0D5-4380-8501-317B903391F8}"
EndProject
Project("{FAE04EC0-301F-11D3-BF4B-00C04F79EFBC}") = "Find Words", "Find Words\Find Words.csproj", "{36807464-21FF-4A35-A143-D144603F7F28}"
EndProject
Global
	GlobalSection(SolutionConfigurationPlatforms) = preSolution
		Debug|Any CPU = Debug|Any CPU
		Release|Any CPU = Release|Any CPU
	EndGlobalSection
	GlobalSection(ProjectConfigurationPlatforms) = postSolution
		{17F043AB-79F1-449A-97F3-D7391EBC7510}.Debug|Any CPU.ActiveCfg = Debug|Any CPU
		{17F043AB-79F1-449A-97F3-D7391EBC7510}.Debug|Any CPU.Build.0 = Debug|Any CPU
		{17F043AB-79F1-449A-97F3-D7391EBC7510}.Release|Any CPU.ActiveCfg = Release|Any CPU
		{17F043AB-79F1-449A-97F3-D7391EBC7510}.Release|Any CPU.Build.0 = Release|Any CPU
		{EA0D8B3D-FA8F-4C66-9B04-CAB85C4A4CC4}.Debug|Any CPU.ActiveCfg = Debug|Any CPU
		{EA0D8B3D-FA8F-4C66-9B04-CAB85C4A4CC4}.Debug|Any CPU.Build.0 = Debug|Any CPU
		{EA0D8B3D-FA8F-4C66-9B04-CAB85C4A4CC4}.Release|Any CPU.ActiveCfg = Release|Any CPU
		{EA0D8B3D-FA8F-4C66-9B04-CAB85C4A4CC4}.Release|Any CPU.Build.0 = Release|Any CPU
		{73BDF5ED-4A74-46DF-92E3-45BA7FAFA474}.Debug|Any CPU.ActiveCfg = Debug|Any CPU
		{73BDF5ED-4A74-46DF-92E3-45BA7FAFA474}.Debug|Any CPU.Build.0 = Debug|Any CPU
		{73BDF5ED-4A74-46DF-92E3-45BA7FAFA474}.Release|Any CPU.ActiveCfg = Release|Any CPU
		{73BDF5ED-4A74-46DF-92E3-45BA7FAFA474}.Release|Any CPU.Build.0 = Release|Any CPU
		{B4AD9AB0-AB15-40BD-BA17-84916160FAFA}.Debug|Any CPU.ActiveCfg = Debug|Any CPU
		{B4AD9AB0-AB15-40BD-BA17-84916160FAFA}.Debug|Any CPU.Build.0 = Debug|Any CPU
		{B4AD9AB0-AB15-40BD-BA17-84916160FAFA}.Release|Any CPU.ActiveCfg = Release|Any CPU
		{B4AD9AB0-AB15-40BD-BA17-84916160FAFA}.Release|Any CPU.Build.0 = Release|Any CPU
		{E21CC6C4-312D-49AD-A4F0-A94087EBCB14}.Debug|Any CPU.ActiveCfg = Debug|Any CPU
		{E21CC6C4-312D-49AD-A4F0-A94087EBCB14}.Debug|Any CPU.Build.0 = Debug|Any CPU
		{E21CC6C4-312D-49AD-A4F0-A94087EBCB14}.Release|Any CPU.ActiveCfg = Release|Any CPU
		{E21CC6C4-312D-49AD-A4F0-A94087EBCB14}.Release|Any CPU.Build.0 = Release|Any CPU
		{674783B5-58D9-4CBF-8C4B-35D5FABE100E}.Debug|Any CPU.ActiveCfg = Debug|Any CPU
		{674783B5-58D9-4CBF-8C4B-35D5FABE100E}.Debug|Any CPU.Build.0 = Debug|Any CPU
		{674783B5-58D9-4CBF-8C4B-35D5FABE100E}.Release|Any CPU.ActiveCfg = Release|Any CPU
		{674783B5-58D9-4CBF-8C4B-35D5FABE100E}.Release|Any CPU.Build.0 = Release|Any CPU
		{9D44A451-D317-4047-9EFD-7C34588EF7CB}.Debug|Any CPU.ActiveCfg = Debug|Any CPU
		{9D44A451-D317-4047-9EFD-7C34588EF7CB}.Debug|Any CPU.Build.0 = Debug|Any CPU
		{9D44A451-D317-4047-9EFD-7C34588EF7CB}.Release|Any CPU.ActiveCfg = Release|Any CPU
		{9D44A451-D317-4047-9EFD-7C34588EF7CB}.Release|Any CPU.Build.0 = Release|Any CPU
		{1E5BB312-C18A-4FBA-BD42-BA3DD1E7FE38}.Debug|Any CPU.ActiveCfg = Debug|Any CPU
		{1E5BB312-C18A-4FBA-BD42-BA3DD1E7FE38}.Debug|Any CPU.Build.0 = Debug|Any CPU
		{1E5BB312-C18A-4FBA-BD42-BA3DD1E7FE38}.Release|Any CPU.ActiveCfg = Release|Any CPU
		{1E5BB312-C18A-4FBA-BD42-BA3DD1E7FE38}.Release|Any CPU.Build.0 = Release|Any CPU
		{8BF32BDE-D412-459A-9396-00AE564F021A}.Debug|Any CPU.ActiveCfg = Debug|Any CPU
		{8BF32BDE-D412-459A-9396-00AE564F021A}.Debug|Any CPU.Build.0 = Debug|Any CPU
		{8BF32BDE-D412-459A-9396-00AE564F021A}.Release|Any CPU.ActiveCfg = Release|Any CPU
		{8BF32BDE-D412-459A-9396-00AE564F021A}.Release|Any CPU.Build.0 = Release|Any CPU
		{B8D96D38-BB84-446C-8918-CAA62366F43D}.Debug|Any CPU.ActiveCfg = Debug|Any CPU
		{B8D96D38-BB84-446C-8918-CAA62366F43D}.Debug|Any CPU.Build.0 = Debug|Any CPU
		{B8D96D38-BB84-446C-8918-CAA62366F43D}.Release|Any CPU.ActiveCfg = Release|Any CPU
		{B8D96D38-BB84-446C-8918-CAA62366F43D}.Release|Any CPU.Build.0 = Release|Any CPU
		{8F0DB44C-A42A-47CA-894A-84D454F49D2F}.Debug|Any CPU.ActiveCfg = Debug|Any CPU
		{8F0DB44C-A42A-47CA-894A-84D454F49D2F}.Debug|Any CPU.Build.0 = Debug|Any CPU
		{8F0DB44C-A42A-47CA-894A-84D454F49D2F}.Release|Any CPU.ActiveCfg = Release|Any CPU
		{8F0DB44C-A42A-47CA-894A-84D454F49D2F}.Release|Any CPU.Build.0 = Release|Any CPU
		{693D71B4-76DD-44B7-8BF1-53E72E9646AC}.Debug|Any CPU.ActiveCfg = Debug|Any CPU
		{693D71B4-76DD-44B7-8BF1-53E72E9646AC}.Debug|Any CPU.Build.0 = Debug|Any CPU
		{693D71B4-76DD-44B7-8BF1-53E72E9646AC}.Release|Any CPU.ActiveCfg = Release|Any CPU
		{693D71B4-76DD-44B7-8BF1-53E72E9646AC}.Release|Any CPU.Build.0 = Release|Any CPU
		{3FC6C48D-B341-4D72-AD7A-9C5301DAAC23}.Debug|Any CPU.ActiveCfg = Debug|Any CPU
		{3FC6C48D-B341-4D72-AD7A-9C5301DAAC23}.Debug|Any CPU.Build.0 = Debug|Any CPU
		{3FC6C48D-B341-4D72-AD7A-9C5301DAAC23}.Release|Any CPU.ActiveCfg = Release|Any CPU
		{3FC6C48D-B341-4D72-AD7A-9C5301DAAC23}.Release|Any CPU.Build.0 = Release|Any CPU
		{4979B669-4264-4EA9-8387-46E91EBD7703}.Debug|Any CPU.ActiveCfg = Debug|Any CPU
		{4979B669-4264-4EA9-8387-46E91EBD7703}.Debug|Any CPU.Build.0 = Debug|Any CPU
		{4979B669-4264-4EA9-8387-46E91EBD7703}.Release|Any CPU.ActiveCfg = Release|Any CPU
		{4979B669-4264-4EA9-8387-46E91EBD7703}.Release|Any CPU.Build.0 = Release|Any CPU
		{611C9E7D-83AD-4C6F-B149-9EFCECB37FB4}.Debug|Any CPU.ActiveCfg = Debug|Any CPU
		{611C9E7D-83AD-4C6F-B149-9EFCECB37FB4}.Debug|Any CPU.Build.0 = Debug|Any CPU
		{611C9E7D-83AD-4C6F-B149-9EFCECB37FB4}.Release|Any CPU.ActiveCfg = Release|Any CPU
		{611C9E7D-83AD-4C6F-B149-9EFCECB37FB4}.Release|Any CPU.Build.0 = Release|Any CPU
		{F73AA092-4CE7-4278-BB1F-17D307EE7FAB}.Debug|Any CPU.ActiveCfg = Debug|Any CPU
		{F73AA092-4CE7-4278-BB1F-17D307EE7FAB}.Debug|Any CPU.Build.0 = Debug|Any CPU
		{F73AA092-4CE7-4278-BB1F-17D307EE7FAB}.Release|Any CPU.ActiveCfg = Release|Any CPU
		{F73AA092-4CE7-4278-BB1F-17D307EE7FAB}.Release|Any CPU.Build.0 = Release|Any CPU
		{553C6DEF-89C5-4DAF-B2B8-EF360244542D}.Debug|Any CPU.ActiveCfg = Debug|Any CPU
		{553C6DEF-89C5-4DAF-B2B8-EF360244542D}.Debug|Any CPU.Build.0 = Debug|Any CPU
		{553C6DEF-89C5-4DAF-B2B8-EF360244542D}.Release|Any CPU.ActiveCfg = Release|Any CPU
		{553C6DEF-89C5-4DAF-B2B8-EF360244542D}.Release|Any CPU.Build.0 = Release|Any CPU
		{F3F6C393-40EB-4363-B4FD-502B7AED824D}.Debug|Any CPU.ActiveCfg = Debug|Any CPU
		{F3F6C393-40EB-4363-B4FD-502B7AED824D}.Debug|Any CPU.Build.0 = Debug|Any CPU
		{F3F6C393-40EB-4363-B4FD-502B7AED824D}.Release|Any CPU.ActiveCfg = Release|Any CPU
		{F3F6C393-40EB-4363-B4FD-502B7AED824D}.Release|Any CPU.Build.0 = Release|Any CPU
		{3CA1AB6E-29CD-4331-B513-B42A393214FB}.Debug|Any CPU.ActiveCfg = Debug|Any CPU
		{3CA1AB6E-29CD-4331-B513-B42A393214FB}.Debug|Any CPU.Build.0 = Debug|Any CPU
		{3CA1AB6E-29CD-4331-B513-B42A393214FB}.Release|Any CPU.ActiveCfg = Release|Any CPU
		{3CA1AB6E-29CD-4331-B513-B42A393214FB}.Release|Any CPU.Build.0 = Release|Any CPU
		{09013824-5F60-4FF0-9ED4-AC13AB10BB39}.Debug|Any CPU.ActiveCfg = Debug|Any CPU
		{09013824-5F60-4FF0-9ED4-AC13AB10BB39}.Debug|Any CPU.Build.0 = Debug|Any CPU
		{09013824-5F60-4FF0-9ED4-AC13AB10BB39}.Release|Any CPU.ActiveCfg = Release|Any CPU
		{09013824-5F60-4FF0-9ED4-AC13AB10BB39}.Release|Any CPU.Build.0 = Release|Any CPU
		{2F7862D8-047E-4988-B179-A06B23C89228}.Debug|Any CPU.ActiveCfg = Debug|Any CPU
		{2F7862D8-047E-4988-B179-A06B23C89228}.Debug|Any CPU.Build.0 = Debug|Any CPU
		{2F7862D8-047E-4988-B179-A06B23C89228}.Release|Any CPU.ActiveCfg = Release|Any CPU
		{2F7862D8-047E-4988-B179-A06B23C89228}.Release|Any CPU.Build.0 = Release|Any CPU
		{349C21A0-C0D5-4380-8501-317B903391F8}.Debug|Any CPU.ActiveCfg = Debug|Any CPU
		{349C21A0-C0D5-4380-8501-317B903391F8}.Debug|Any CPU.Build.0 = Debug|Any CPU
		{349C21A0-C0D5-4380-8501-317B903391F8}.Release|Any CPU.ActiveCfg = Release|Any CPU
		{349C21A0-C0D5-4380-8501-317B903391F8}.Release|Any CPU.Build.0 = Release|Any CPU
		{36807464-21FF-4A35-A143-D144603F7F28}.Debug|Any CPU.ActiveCfg = Debug|Any CPU
		{36807464-21FF-4A35-A143-D144603F7F28}.Debug|Any CPU.Build.0 = Debug|Any CPU
		{36807464-21FF-4A35-A143-D144603F7F28}.Release|Any CPU.ActiveCfg = Release|Any CPU
		{36807464-21FF-4A35-A143-D144603F7F28}.Release|Any CPU.Build.0 = Release|Any CPU
	EndGlobalSection
	GlobalSection(SolutionProperties) = preSolution
		HideSolutionNode = FALSE
	EndGlobalSection
	GlobalSection(ExtensibilityGlobals) = postSolution
		SolutionGuid = {98D57259-09B0-4696-8683-AC733A00B861}
	EndGlobalSection
EndGlobal
